// !$*UTF8*$!
{
	archiveVersion = 1;
	classes = {
	};
	objectVersion = 48;
	objects = {

/* Begin PBXBuildFile section */
		F53E561420396AF700D230A8 /* Scene.sks in Resources */ = {isa = PBXBuildFile; fileRef = F53E561320396AF700D230A8 /* Scene.sks */; };
		F53E561620396B0600D230A8 /* Scene.swift in Sources */ = {isa = PBXBuildFile; fileRef = F53E561520396B0600D230A8 /* Scene.swift */; };
		F53E561820396CEC00D230A8 /* Inceptionv3.mlmodel in Sources */ = {isa = PBXBuildFile; fileRef = F53E561720396CEC00D230A8 /* Inceptionv3.mlmodel */; };
		F53E561C20396F2C00D230A8 /* ARBridge.swift in Sources */ = {isa = PBXBuildFile; fileRef = F53E561B20396F2C00D230A8 /* ARBridge.swift */; };
		F5BA7C162038F16600C55CF0 /* AppDelegate.swift in Sources */ = {isa = PBXBuildFile; fileRef = F5BA7C152038F16600C55CF0 /* AppDelegate.swift */; };
		F5BA7C182038F16600C55CF0 /* SceneViewController.swift in Sources */ = {isa = PBXBuildFile; fileRef = F5BA7C172038F16600C55CF0 /* SceneViewController.swift */; };
		F5BA7C1B2038F16600C55CF0 /* Main.storyboard in Resources */ = {isa = PBXBuildFile; fileRef = F5BA7C192038F16600C55CF0 /* Main.storyboard */; };
		F5BA7C1D2038F16600C55CF0 /* Assets.xcassets in Resources */ = {isa = PBXBuildFile; fileRef = F5BA7C1C2038F16600C55CF0 /* Assets.xcassets */; };
		F5BA7C202038F16600C55CF0 /* LaunchScreen.storyboard in Resources */ = {isa = PBXBuildFile; fileRef = F5BA7C1E2038F16600C55CF0 /* LaunchScreen.storyboard */; };
/* End PBXBuildFile section */

/* Begin PBXFileReference section */
		F53E561320396AF700D230A8 /* Scene.sks */ = {isa = PBXFileReference; lastKnownFileType = file.sks; path = Scene.sks; sourceTree = "<group>"; };
		F53E561520396B0600D230A8 /* Scene.swift */ = {isa = PBXFileReference; fileEncoding = 4; lastKnownFileType = sourcecode.swift; path = Scene.swift; sourceTree = "<group>"; };
		F53E561720396CEC00D230A8 /* Inceptionv3.mlmodel */ = {isa = PBXFileReference; lastKnownFileType = file.mlmodel; path = Inceptionv3.mlmodel; sourceTree = "<group>"; };
		F53E561B20396F2C00D230A8 /* ARBridge.swift */ = {isa = PBXFileReference; lastKnownFileType = sourcecode.swift; path = ARBridge.swift; sourceTree = "<group>"; };
		F5BA7C122038F16600C55CF0 /* DetectIT.app */ = {isa = PBXFileReference; explicitFileType = wrapper.application; includeInIndex = 0; path = DetectIT.app; sourceTree = BUILT_PRODUCTS_DIR; };
		F5BA7C152038F16600C55CF0 /* AppDelegate.swift */ = {isa = PBXFileReference; lastKnownFileType = sourcecode.swift; path = AppDelegate.swift; sourceTree = "<group>"; };
		F5BA7C172038F16600C55CF0 /* SceneViewController.swift */ = {isa = PBXFileReference; lastKnownFileType = sourcecode.swift; path = SceneViewController.swift; sourceTree = "<group>"; };
		F5BA7C1A2038F16600C55CF0 /* Base */ = {isa = PBXFileReference; lastKnownFileType = file.storyboard; name = Base; path = Base.lproj/Main.storyboard; sourceTree = "<group>"; };
		F5BA7C1C2038F16600C55CF0 /* Assets.xcassets */ = {isa = PBXFileReference; lastKnownFileType = folder.assetcatalog; path = Assets.xcassets; sourceTree = "<group>"; };
		F5BA7C1F2038F16600C55CF0 /* Base */ = {isa = PBXFileReference; lastKnownFileType = file.storyboard; name = Base; path = Base.lproj/LaunchScreen.storyboard; sourceTree = "<group>"; };
		F5BA7C212038F16600C55CF0 /* Info.plist */ = {isa = PBXFileReference; lastKnownFileType = text.plist.xml; path = Info.plist; sourceTree = "<group>"; };
/* End PBXFileReference section */

/* Begin PBXFrameworksBuildPhase section */
		F5BA7C0F2038F16600C55CF0 /* Frameworks */ = {
			isa = PBXFrameworksBuildPhase;
			buildActionMask = 2147483647;
			files = (
			);
			runOnlyForDeploymentPostprocessing = 0;
		};
/* End PBXFrameworksBuildPhase section */

/* Begin PBXGroup section */
		F53E561920396CF600D230A8 /* CoreML */ = {
			isa = PBXGroup;
			children = (
				F53E561720396CEC00D230A8 /* Inceptionv3.mlmodel */,
			);
			path = CoreML;
			sourceTree = "<group>";
		};
		F53E561A20396D0500D230A8 /* SpriteKit */ = {
			isa = PBXGroup;
			children = (
				F53E561320396AF700D230A8 /* Scene.sks */,
			);
			path = SpriteKit;
			sourceTree = "<group>";
		};
		F53E561D2039707300D230A8 /* Controller */ = {
			isa = PBXGroup;
			children = (
				F5BA7C172038F16600C55CF0 /* SceneViewController.swift */,
			);
			path = Controller;
			sourceTree = "<group>";
		};
		F53E561E2039708A00D230A8 /* Helper */ = {
			isa = PBXGroup;
			children = (
				F53E561B20396F2C00D230A8 /* ARBridge.swift */,
			);
			path = Helper;
			sourceTree = "<group>";
		};
		F53E561F203970A600D230A8 /* Scene */ = {
			isa = PBXGroup;
			children = (
				F53E561520396B0600D230A8 /* Scene.swift */,
			);
			path = Scene;
			sourceTree = "<group>";
		};
		F5BA7C092038F16600C55CF0 = {
			isa = PBXGroup;
			children = (
				F5BA7C142038F16600C55CF0 /* DetectIT */,
				F5BA7C132038F16600C55CF0 /* Products */,
			);
			sourceTree = "<group>";
		};
		F5BA7C132038F16600C55CF0 /* Products */ = {
			isa = PBXGroup;
			children = (
				F5BA7C122038F16600C55CF0 /* DetectIT.app */,
			);
			name = Products;
			sourceTree = "<group>";
		};
		F5BA7C142038F16600C55CF0 /* DetectIT */ = {
			isa = PBXGroup;
			children = (
				F5BA7C272038F17500C55CF0 /* Resources */,
				F5BA7C282038F17A00C55CF0 /* Source Code */,
				F5BA7C292038F17E00C55CF0 /* Supporting Files */,
				F5BA7C152038F16600C55CF0 /* AppDelegate.swift */,
			);
			path = DetectIT;
			sourceTree = "<group>";
		};
		F5BA7C272038F17500C55CF0 /* Resources */ = {
			isa = PBXGroup;
			children = (
				F5BA7C2B2038F18C00C55CF0 /* Assets */,
				F53E561920396CF600D230A8 /* CoreML */,
				F53E561A20396D0500D230A8 /* SpriteKit */,
				F5BA7C2A2038F18700C55CF0 /* Storyboards */,
			);
			path = Resources;
			sourceTree = "<group>";
		};
		F5BA7C282038F17A00C55CF0 /* Source Code */ = {
			isa = PBXGroup;
			children = (
				F53E561D2039707300D230A8 /* Controller */,
				F53E561E2039708A00D230A8 /* Helper */,
				F53E561F203970A600D230A8 /* Scene */,
			);
			path = "Source Code";
			sourceTree = "<group>";
		};
		F5BA7C292038F17E00C55CF0 /* Supporting Files */ = {
			isa = PBXGroup;
			children = (
				F5BA7C212038F16600C55CF0 /* Info.plist */,
			);
			path = "Supporting Files";
			sourceTree = "<group>";
		};
		F5BA7C2A2038F18700C55CF0 /* Storyboards */ = {
			isa = PBXGroup;
			children = (
				F5BA7C1E2038F16600C55CF0 /* LaunchScreen.storyboard */,
				F5BA7C192038F16600C55CF0 /* Main.storyboard */,
			);
			path = Storyboards;
			sourceTree = "<group>";
		};
		F5BA7C2B2038F18C00C55CF0 /* Assets */ = {
			isa = PBXGroup;
			children = (
				F5BA7C1C2038F16600C55CF0 /* Assets.xcassets */,
			);
			path = Assets;
			sourceTree = "<group>";
		};
/* End PBXGroup section */

/* Begin PBXNativeTarget section */
		F5BA7C112038F16600C55CF0 /* DetectIT */ = {
			isa = PBXNativeTarget;
			buildConfigurationList = F5BA7C242038F16600C55CF0 /* Build configuration list for PBXNativeTarget "DetectIT" */;
			buildPhases = (
				F5BA7C0E2038F16600C55CF0 /* Sources */,
				F5BA7C0F2038F16600C55CF0 /* Frameworks */,
				F5BA7C102038F16600C55CF0 /* Resources */,
			);
			buildRules = (
			);
			dependencies = (
			);
			name = DetectIT;
			productName = DetectIT;
			productReference = F5BA7C122038F16600C55CF0 /* DetectIT.app */;
			productType = "com.apple.product-type.application";
		};
/* End PBXNativeTarget section */

/* Begin PBXProject section */
		F5BA7C0A2038F16600C55CF0 /* Project object */ = {
			isa = PBXProject;
			attributes = {
				LastSwiftUpdateCheck = 0920;
				LastUpgradeCheck = 0920;
				ORGANIZATIONNAME = "Brenno Ferrari";
				TargetAttributes = {
					F5BA7C112038F16600C55CF0 = {
						CreatedOnToolsVersion = 9.2;
						ProvisioningStyle = Automatic;
					};
				};
			};
			buildConfigurationList = F5BA7C0D2038F16600C55CF0 /* Build configuration list for PBXProject "DetectIT" */;
			compatibilityVersion = "Xcode 8.0";
			developmentRegion = en;
			hasScannedForEncodings = 0;
			knownRegions = (
				en,
				Base,
			);
			mainGroup = F5BA7C092038F16600C55CF0;
			productRefGroup = F5BA7C132038F16600C55CF0 /* Products */;
			projectDirPath = "";
			projectRoot = "";
			targets = (
				F5BA7C112038F16600C55CF0 /* DetectIT */,
			);
		};
/* End PBXProject section */

/* Begin PBXResourcesBuildPhase section */
		F5BA7C102038F16600C55CF0 /* Resources */ = {
			isa = PBXResourcesBuildPhase;
			buildActionMask = 2147483647;
			files = (
				F5BA7C202038F16600C55CF0 /* LaunchScreen.storyboard in Resources */,
				F5BA7C1D2038F16600C55CF0 /* Assets.xcassets in Resources */,
				F53E561420396AF700D230A8 /* Scene.sks in Resources */,
				F5BA7C1B2038F16600C55CF0 /* Main.storyboard in Resources */,
			);
			runOnlyForDeploymentPostprocessing = 0;
		};
/* End PBXResourcesBuildPhase section */

/* Begin PBXSourcesBuildPhase section */
		F5BA7C0E2038F16600C55CF0 /* Sources */ = {
			isa = PBXSourcesBuildPhase;
			buildActionMask = 2147483647;
			files = (
				F5BA7C182038F16600C55CF0 /* SceneViewController.swift in Sources */,
				F53E561820396CEC00D230A8 /* Inceptionv3.mlmodel in Sources */,
				F53E561C20396F2C00D230A8 /* ARBridge.swift in Sources */,
				F5BA7C162038F16600C55CF0 /* AppDelegate.swift in Sources */,
				F53E561620396B0600D230A8 /* Scene.swift in Sources */,
			);
			runOnlyForDeploymentPostprocessing = 0;
		};
/* End PBXSourcesBuildPhase section */

/* Begin PBXVariantGroup section */
		F5BA7C192038F16600C55CF0 /* Main.storyboard */ = {
			isa = PBXVariantGroup;
			children = (
				F5BA7C1A2038F16600C55CF0 /* Base */,
			);
			name = Main.storyboard;
			path = .;
			sourceTree = "<group>";
		};
		F5BA7C1E2038F16600C55CF0 /* LaunchScreen.storyboard */ = {
			isa = PBXVariantGroup;
			children = (
				F5BA7C1F2038F16600C55CF0 /* Base */,
			);
			name = LaunchScreen.storyboard;
			path = .;
			sourceTree = "<group>";
		};
/* End PBXVariantGroup section */

/* Begin XCBuildConfiguration section */
		F5BA7C222038F16600C55CF0 /* Debug */ = {
			isa = XCBuildConfiguration;
			buildSettings = {
				ALWAYS_SEARCH_USER_PATHS = NO;
				CLANG_ANALYZER_NONNULL = YES;
				CLANG_ANALYZER_NUMBER_OBJECT_CONVERSION = YES_AGGRESSIVE;
				CLANG_CXX_LANGUAGE_STANDARD = "gnu++14";
				CLANG_CXX_LIBRARY = "libc++";
				CLANG_ENABLE_MODULES = YES;
				CLANG_ENABLE_OBJC_ARC = YES;
				CLANG_WARN_BLOCK_CAPTURE_AUTORELEASING = YES;
				CLANG_WARN_BOOL_CONVERSION = YES;
				CLANG_WARN_COMMA = YES;
				CLANG_WARN_CONSTANT_CONVERSION = YES;
				CLANG_WARN_DIRECT_OBJC_ISA_USAGE = YES_ERROR;
				CLANG_WARN_DOCUMENTATION_COMMENTS = YES;
				CLANG_WARN_EMPTY_BODY = YES;
				CLANG_WARN_ENUM_CONVERSION = YES;
				CLANG_WARN_INFINITE_RECURSION = YES;
				CLANG_WARN_INT_CONVERSION = YES;
				CLANG_WARN_NON_LITERAL_NULL_CONVERSION = YES;
				CLANG_WARN_OBJC_LITERAL_CONVERSION = YES;
				CLANG_WARN_OBJC_ROOT_CLASS = YES_ERROR;
				CLANG_WARN_RANGE_LOOP_ANALYSIS = YES;
				CLANG_WARN_STRICT_PROTOTYPES = YES;
				CLANG_WARN_SUSPICIOUS_MOVE = YES;
				CLANG_WARN_UNGUARDED_AVAILABILITY = YES_AGGRESSIVE;
				CLANG_WARN_UNREACHABLE_CODE = YES;
				CLANG_WARN__DUPLICATE_METHOD_MATCH = YES;
				CODE_SIGN_IDENTITY = "iPhone Developer";
				COPY_PHASE_STRIP = NO;
				DEBUG_INFORMATION_FORMAT = dwarf;
				ENABLE_STRICT_OBJC_MSGSEND = YES;
				ENABLE_TESTABILITY = YES;
				GCC_C_LANGUAGE_STANDARD = gnu11;
				GCC_DYNAMIC_NO_PIC = NO;
				GCC_NO_COMMON_BLOCKS = YES;
				GCC_OPTIMIZATION_LEVEL = 0;
				GCC_PREPROCESSOR_DEFINITIONS = (
					"DEBUG=1",
					"$(inherited)",
				);
				GCC_WARN_64_TO_32_BIT_CONVERSION = YES;
				GCC_WARN_ABOUT_RETURN_TYPE = YES_ERROR;
				GCC_WARN_UNDECLARED_SELECTOR = YES;
				GCC_WARN_UNINITIALIZED_AUTOS = YES_AGGRESSIVE;
				GCC_WARN_UNUSED_FUNCTION = YES;
				GCC_WARN_UNUSED_VARIABLE = YES;
				IPHONEOS_DEPLOYMENT_TARGET = 11.2;
				MTL_ENABLE_DEBUG_INFO = YES;
				ONLY_ACTIVE_ARCH = YES;
				SDKROOT = iphoneos;
				SWIFT_ACTIVE_COMPILATION_CONDITIONS = DEBUG;
				SWIFT_OPTIMIZATION_LEVEL = "-Onone";
			};
			name = Debug;
		};
		F5BA7C232038F16600C55CF0 /* Release */ = {
			isa = XCBuildConfiguration;
			buildSettings = {
				ALWAYS_SEARCH_USER_PATHS = NO;
				CLANG_ANALYZER_NONNULL = YES;
				CLANG_ANALYZER_NUMBER_OBJECT_CONVERSION = YES_AGGRESSIVE;
				CLANG_CXX_LANGUAGE_STANDARD = "gnu++14";
				CLANG_CXX_LIBRARY = "libc++";
				CLANG_ENABLE_MODULES = YES;
				CLANG_ENABLE_OBJC_ARC = YES;
				CLANG_WARN_BLOCK_CAPTURE_AUTORELEASING = YES;
				CLANG_WARN_BOOL_CONVERSION = YES;
				CLANG_WARN_COMMA = YES;
				CLANG_WARN_CONSTANT_CONVERSION = YES;
				CLANG_WARN_DIRECT_OBJC_ISA_USAGE = YES_ERROR;
				CLANG_WARN_DOCUMENTATION_COMMENTS = YES;
				CLANG_WARN_EMPTY_BODY = YES;
				CLANG_WARN_ENUM_CONVERSION = YES;
				CLANG_WARN_INFINITE_RECURSION = YES;
				CLANG_WARN_INT_CONVERSION = YES;
				CLANG_WARN_NON_LITERAL_NULL_CONVERSION = YES;
				CLANG_WARN_OBJC_LITERAL_CONVERSION = YES;
				CLANG_WARN_OBJC_ROOT_CLASS = YES_ERROR;
				CLANG_WARN_RANGE_LOOP_ANALYSIS = YES;
				CLANG_WARN_STRICT_PROTOTYPES = YES;
				CLANG_WARN_SUSPICIOUS_MOVE = YES;
				CLANG_WARN_UNGUARDED_AVAILABILITY = YES_AGGRESSIVE;
				CLANG_WARN_UNREACHABLE_CODE = YES;
				CLANG_WARN__DUPLICATE_METHOD_MATCH = YES;
				CODE_SIGN_IDENTITY = "iPhone Developer";
				COPY_PHASE_STRIP = NO;
				DEBUG_INFORMATION_FORMAT = "dwarf-with-dsym";
				ENABLE_NS_ASSERTIONS = NO;
				ENABLE_STRICT_OBJC_MSGSEND = YES;
				GCC_C_LANGUAGE_STANDARD = gnu11;
				GCC_NO_COMMON_BLOCKS = YES;
				GCC_WARN_64_TO_32_BIT_CONVERSION = YES;
				GCC_WARN_ABOUT_RETURN_TYPE = YES_ERROR;
				GCC_WARN_UNDECLARED_SELECTOR = YES;
				GCC_WARN_UNINITIALIZED_AUTOS = YES_AGGRESSIVE;
				GCC_WARN_UNUSED_FUNCTION = YES;
				GCC_WARN_UNUSED_VARIABLE = YES;
				IPHONEOS_DEPLOYMENT_TARGET = 11.2;
				MTL_ENABLE_DEBUG_INFO = NO;
				SDKROOT = iphoneos;
				SWIFT_OPTIMIZATION_LEVEL = "-Owholemodule";
				VALIDATE_PRODUCT = YES;
			};
			name = Release;
		};
		F5BA7C252038F16600C55CF0 /* Debug */ = {
			isa = XCBuildConfiguration;
			buildSettings = {
				ASSETCATALOG_COMPILER_APPICON_NAME = AppIcon;
				CODE_SIGN_STYLE = Automatic;
				DEVELOPMENT_TEAM = HATQPXT843;
				FRAMEWORK_SEARCH_PATHS = (
					"$(inherited)",
					"$(PROJECT_DIR)/Carthage/Build/iOS",
				);
				INFOPLIST_FILE = "$(SRCROOT)/DetectIT/Supporting Files/Info.plist";
				LD_RUNPATH_SEARCH_PATHS = "$(inherited) @executable_path/Frameworks";
				PRODUCT_BUNDLE_IDENTIFIER = br.com.bferrari.detectit;
				PRODUCT_NAME = "$(TARGET_NAME)";
				SWIFT_VERSION = 4.0;
				TARGETED_DEVICE_FAMILY = "1,2";
			};
			name = Debug;
		};
		F5BA7C262038F16600C55CF0 /* Release */ = {
			isa = XCBuildConfiguration;
			buildSettings = {
				ASSETCATALOG_COMPILER_APPICON_NAME = AppIcon;
				CODE_SIGN_STYLE = Automatic;
				DEVELOPMENT_TEAM = HATQPXT843;
				FRAMEWORK_SEARCH_PATHS = (
					"$(inherited)",
					"$(PROJECT_DIR)/Carthage/Build/iOS",
				);
				INFOPLIST_FILE = "$(SRCROOT)/DetectIT/Supporting Files/Info.plist";
				LD_RUNPATH_SEARCH_PATHS = "$(inherited) @executable_path/Frameworks";
				PRODUCT_BUNDLE_IDENTIFIER = br.com.bferrari.detectit;
				PRODUCT_NAME = "$(TARGET_NAME)";
				SWIFT_VERSION = 4.0;
				TARGETED_DEVICE_FAMILY = "1,2";
			};
			name = Release;
		};
/* End XCBuildConfiguration section */

/* Begin XCConfigurationList section */
		F5BA7C0D2038F16600C55CF0 /* Build configuration list for PBXProject "DetectIT" */ = {
			isa = XCConfigurationList;
			buildConfigurations = (
				F5BA7C222038F16600C55CF0 /* Debug */,
				F5BA7C232038F16600C55CF0 /* Release */,
			);
			defaultConfigurationIsVisible = 0;
			defaultConfigurationName = Release;
		};
		F5BA7C242038F16600C55CF0 /* Build configuration list for PBXNativeTarget "DetectIT" */ = {
			isa = XCConfigurationList;
			buildConfigurations = (
				F5BA7C252038F16600C55CF0 /* Debug */,
				F5BA7C262038F16600C55CF0 /* Release */,
			);
			defaultConfigurationIsVisible = 0;
			defaultConfigurationName = Release;
		};
/* End XCConfigurationList section */
	};
	rootObject = F5BA7C0A2038F16600C55CF0 /* Project object */;
}
